
Microsoft Visual Studio Solution File, Format Version 12.00
# Visual Studio Version 17
VisualStudioVersion = 17.3.32804.467
MinimumVisualStudioVersion = 10.0.40219.1
Project("{FAE04EC0-301F-11D3-BF4B-00C04F79EFBC}") = "Romeo.MVC", "Romeo.MVC\Romeo.MVC.csproj", "{9BD94F5A-76AE-4128-934D-BFA6D92878FD}"
EndProject
Global
	GlobalSection(SolutionConfigurationPlatforms) = preSolution
		Debug|Any CPU = Debug|Any CPU
		Release|Any CPU = Release|Any CPU
	EndGlobalSection
	GlobalSection(ProjectConfigurationPlatforms) = postSolution
		{9BD94F5A-76AE-4128-934D-BFA6D92878FD}.Debug|Any CPU.ActiveCfg = Debug|Any CPU
		{9BD94F5A-76AE-4128-934D-BFA6D92878FD}.Debug|Any CPU.Build.0 = Debug|Any CPU
		{9BD94F5A-76AE-4128-934D-BFA6D92878FD}.Release|Any CPU.ActiveCfg = Release|Any CPU
		{9BD94F5A-76AE-4128-934D-BFA6D92878FD}.Release|Any CPU.Build.0 = Release|Any CPU
	EndGlobalSection
	GlobalSection(SolutionProperties) = preSolution
		HideSolutionNode = FALSE
	EndGlobalSection
	GlobalSection(ExtensibilityGlobals) = postSolution
		SolutionGuid = {5360D980-9BB3-404C-8BC5-47942ADA40F5}
	EndGlobalSection
EndGlobal
